
Microsoft Visual Studio Solution File, Format Version 12.00
# Visual Studio Version 17
VisualStudioVersion = 17.6.33626.354
MinimumVisualStudioVersion = 10.0.40219.1
Project("{9A19103F-16F7-4668-BE54-9A1E7A4F7556}") = "CMS", "CMS.csproj", "{0774C0DE-5CC4-43DF-93B8-CFB68D1426F2}"
EndProject
Project("{2150E333-8FDC-42A3-9474-1A3956D46DE8}") = "Solution Items", "Solution Items", "{CFB11794-2BA5-4C80-BE4E-D02428EE61C9}"
	ProjectSection(SolutionItems) = preProject
		.editorconfig = .editorconfig
	EndProjectSection
EndProject
Global
	GlobalSection(SolutionConfigurationPlatforms) = preSolution
		Debug|Any CPU = Debug|Any CPU
		Release|Any CPU = Release|Any CPU
	EndGlobalSection
	GlobalSection(ProjectConfigurationPlatforms) = postSolution
		{0774C0DE-5CC4-43DF-93B8-CFB68D1426F2}.Debug|Any CPU.ActiveCfg = Debug|Any CPU
		{0774C0DE-5CC4-43DF-93B8-CFB68D1426F2}.Debug|Any CPU.Build.0 = Debug|Any CPU
		{0774C0DE-5CC4-43DF-93B8-CFB68D1426F2}.Release|Any CPU.ActiveCfg = Release|Any CPU
		{0774C0DE-5CC4-43DF-93B8-CFB68D1426F2}.Release|Any CPU.Build.0 = Release|Any CPU
	EndGlobalSection
	GlobalSection(SolutionProperties) = preSolution
		HideSolutionNode = FALSE
	EndGlobalSection
	GlobalSection(ExtensibilityGlobals) = postSolution
		SolutionGuid = {DD66F7AC-53EE-4A44-AA56-96F12F823F55}
	EndGlobalSection
EndGlobal
